
Microsoft Visual Studio Solution File, Format Version 12.00
# Visual Studio Version 17
VisualStudioVersion = 17.0.31903.59
MinimumVisualStudioVersion = 10.0.40219.1
Project("{2150E333-8FDC-42A3-9474-1A3956D46DE8}") = "src", "src", "{B9D85E0E-9428-4D1B-9656-50C502A46DE6}"
EndProject
Project("{FAE04EC0-301F-11D3-BF4B-00C04F79EFBC}") = "EasyRedmineApiClient", "src\EasyRedmineApiClient\EasyRedmineApiClient.csproj", "{E65426DF-F8CD-4E2E-9BDE-00DFF69F0AA1}"
EndProject
Global
	GlobalSection(SolutionConfigurationPlatforms) = preSolution
		Debug|Any CPU = Debug|Any CPU
		Release|Any CPU = Release|Any CPU
	EndGlobalSection
	GlobalSection(SolutionProperties) = preSolution
		HideSolutionNode = FALSE
	EndGlobalSection
	GlobalSection(ProjectConfigurationPlatforms) = postSolution
		{E65426DF-F8CD-4E2E-9BDE-00DFF69F0AA1}.Debug|Any CPU.ActiveCfg = Debug|Any CPU
		{E65426DF-F8CD-4E2E-9BDE-00DFF69F0AA1}.Debug|Any CPU.Build.0 = Debug|Any CPU
		{E65426DF-F8CD-4E2E-9BDE-00DFF69F0AA1}.Release|Any CPU.ActiveCfg = Release|Any CPU
		{E65426DF-F8CD-4E2E-9BDE-00DFF69F0AA1}.Release|Any CPU.Build.0 = Release|Any CPU
	EndGlobalSection
	GlobalSection(NestedProjects) = preSolution
		{E65426DF-F8CD-4E2E-9BDE-00DFF69F0AA1} = {B9D85E0E-9428-4D1B-9656-50C502A46DE6}
	EndGlobalSection
EndGlobal
